
Microsoft Visual Studio Solution File, Format Version 12.00
# Visual Studio Version 16
VisualStudioVersion = 16.0.31321.278
MinimumVisualStudioVersion = 10.0.40219.1
Project("{9A19103F-16F7-4668-BE54-9A1E7A4F7556}") = "Chat.SignalR.Room", "Chat.SignalR.Room\Chat.SignalR.Room.csproj", "{AA29C8C2-957A-4762-89B5-F92493E39830}"
EndProject
Project("{9A19103F-16F7-4668-BE54-9A1E7A4F7556}") = "Chat.SignalR.Client", "Chat.SignalR.Client\Chat.SignalR.Client.csproj", "{0D763B77-D821-4859-8192-DC11FCFAB04F}"
EndProject
Project("{FAE04EC0-301F-11D3-BF4B-00C04F79EFBC}") = "Chat.SignalR.Connection", "Chat.SignalR.Connection\Chat.SignalR.Connection.csproj", "{4B677618-FF49-4481-9BEA-49FE6C13C6AA}"
EndProject
Global
	GlobalSection(SolutionConfigurationPlatforms) = preSolution
		Debug|Any CPU = Debug|Any CPU
		Release|Any CPU = Release|Any CPU
	EndGlobalSection
	GlobalSection(ProjectConfigurationPlatforms) = postSolution
		{AA29C8C2-957A-4762-89B5-F92493E39830}.Debug|Any CPU.ActiveCfg = Debug|Any CPU
		{AA29C8C2-957A-4762-89B5-F92493E39830}.Debug|Any CPU.Build.0 = Debug|Any CPU
		{AA29C8C2-957A-4762-89B5-F92493E39830}.Release|Any CPU.ActiveCfg = Release|Any CPU
		{AA29C8C2-957A-4762-89B5-F92493E39830}.Release|Any CPU.Build.0 = Release|Any CPU
		{0D763B77-D821-4859-8192-DC11FCFAB04F}.Debug|Any CPU.ActiveCfg = Debug|Any CPU
		{0D763B77-D821-4859-8192-DC11FCFAB04F}.Debug|Any CPU.Build.0 = Debug|Any CPU
		{0D763B77-D821-4859-8192-DC11FCFAB04F}.Release|Any CPU.ActiveCfg = Release|Any CPU
		{0D763B77-D821-4859-8192-DC11FCFAB04F}.Release|Any CPU.Build.0 = Release|Any CPU
		{4B677618-FF49-4481-9BEA-49FE6C13C6AA}.Debug|Any CPU.ActiveCfg = Debug|Any CPU
		{4B677618-FF49-4481-9BEA-49FE6C13C6AA}.Debug|Any CPU.Build.0 = Debug|Any CPU
		{4B677618-FF49-4481-9BEA-49FE6C13C6AA}.Release|Any CPU.ActiveCfg = Release|Any CPU
		{4B677618-FF49-4481-9BEA-49FE6C13C6AA}.Release|Any CPU.Build.0 = Release|Any CPU
	EndGlobalSection
	GlobalSection(SolutionProperties) = preSolution
		HideSolutionNode = FALSE
	EndGlobalSection
	GlobalSection(ExtensibilityGlobals) = postSolution
		SolutionGuid = {6AE02755-3A4B-49F5-A081-CB7B68526987}
	EndGlobalSection
EndGlobal
